// !$*UTF8*$!
{
	archiveVersion = 1;
	classes = {
	};
	objectVersion = 46;
	objects = {

/* Begin PBXBuildFile section */
		B48299701B6DFD87006A4784 /* main.m in Sources */ = {isa = PBXBuildFile; fileRef = B482996F1B6DFD87006A4784 /* main.m */; };
		B48299731B6DFD87006A4784 /* AppDelegate.mm in Sources */ = {isa = PBXBuildFile; fileRef = B48299721B6DFD87006A4784 /* AppDelegate.mm */; };
		B48299761B6DFD87006A4784 /* ViewController.m in Sources */ = {isa = PBXBuildFile; fileRef = B48299751B6DFD87006A4784 /* ViewController.m */; };
		B48299791B6DFD87006A4784 /* Main.storyboard in Resources */ = {isa = PBXBuildFile; fileRef = B48299771B6DFD87006A4784 /* Main.storyboard */; };
		B482997B1B6DFD87006A4784 /* Images.xcassets in Resources */ = {isa = PBXBuildFile; fileRef = B482997A1B6DFD87006A4784 /* Images.xcassets */; };
		B482997E1B6DFD87006A4784 /* LaunchScreen.xib in Resources */ = {isa = PBXBuildFile; fileRef = B482997C1B6DFD87006A4784 /* LaunchScreen.xib */; };
		B482998A1B6DFD87006A4784 /* AQI_DetectionTests.m in Sources */ = {isa = PBXBuildFile; fileRef = B48299891B6DFD87006A4784 /* AQI_DetectionTests.m */; };
		B48299991B6E0115006A4784 /* libz.dylib in Frameworks */ = {isa = PBXBuildFile; fileRef = B48299981B6E0115006A4784 /* libz.dylib */; };
		B482999B1B6E0125006A4784 /* libstdc++.6.0.9.dylib in Frameworks */ = {isa = PBXBuildFile; fileRef = B482999A1B6E0125006A4784 /* libstdc++.6.0.9.dylib */; };
		B48299A41B6E13C2006A4784 /* iPhone launchscreen.png in Resources */ = {isa = PBXBuildFile; fileRef = B48299A31B6E13C2006A4784 /* iPhone launchscreen.png */; };
		B48299A81B6E1DE1006A4784 /* LOGO(Black-and-White).png in Resources */ = {isa = PBXBuildFile; fileRef = B48299A71B6E1DE1006A4784 /* LOGO(Black-and-White).png */; };
		B48299AA1B6E1F9A006A4784 /* LOGO(Black-and-White) 透明.png in Resources */ = {isa = PBXBuildFile; fileRef = B48299A91B6E1F9A006A4784 /* LOGO(Black-and-White) 透明.png */; };
		B48299B01B6E21EB006A4784 /* DJISDK.framework in Frameworks */ = {isa = PBXBuildFile; fileRef = B48299AF1B6E21EB006A4784 /* DJISDK.framework */; };
		B48299B21B6F3A35006A4784 /* fa1078eea51362f3d6af655a72081327.jpg in Resources */ = {isa = PBXBuildFile; fileRef = B48299B11B6F3A35006A4784 /* fa1078eea51362f3d6af655a72081327.jpg */; };
		B48299B41B71C61D006A4784 /* 2765da53cc080d4db2f90224d8a62d86.jpg in Resources */ = {isa = PBXBuildFile; fileRef = B48299B31B71C61D006A4784 /* 2765da53cc080d4db2f90224d8a62d86.jpg */; };
		B48299B61B71C63A006A4784 /* 2765da53cc080d4db2f90224d8a62d86.jpg in Resources */ = {isa = PBXBuildFile; fileRef = B48299B51B71C63A006A4784 /* 2765da53cc080d4db2f90224d8a62d86.jpg */; };
		B48299B81B7303F8006A4784 /* 260eb8963b7933549285ee6626c05a45.jpeg in Resources */ = {isa = PBXBuildFile; fileRef = B48299B71B7303F8006A4784 /* 260eb8963b7933549285ee6626c05a45.jpeg */; };
		B48299BA1B73096C006A4784 /* c817674b97cdbd41a9377fd7396dd35e.jpg in Resources */ = {isa = PBXBuildFile; fileRef = B48299B91B73096C006A4784 /* c817674b97cdbd41a9377fd7396dd35e.jpg */; };
		B48299BC1B730D29006A4784 /* Image 8-6-15 at 11.33 AM.jpg in Resources */ = {isa = PBXBuildFile; fileRef = B48299BB1B730D29006A4784 /* Image 8-6-15 at 11.33 AM.jpg */; };
		B48299BE1B73542B006A4784 /* Image 8-6-15 at 11.33 AM.jpg in Resources */ = {isa = PBXBuildFile; fileRef = B48299BD1B73542B006A4784 /* Image 8-6-15 at 11.33 AM.jpg */; };
		B48299C01B735A65006A4784 /* IMG_3263.jpg in Resources */ = {isa = PBXBuildFile; fileRef = B48299BF1B735A65006A4784 /* IMG_3263.jpg */; };
		B48299C21B73606F006A4784 /* c505991a4c577ffcc9aa9df25c6df525.jpg in Resources */ = {isa = PBXBuildFile; fileRef = B48299C11B73606F006A4784 /* c505991a4c577ffcc9aa9df25c6df525.jpg */; };
		B4FB0FD81B74A37B00260BDC /* IMG_3289.jpg in Resources */ = {isa = PBXBuildFile; fileRef = B4FB0FD71B74A37B00260BDC /* IMG_3289.jpg */; };
		B4FB10481B75B99400260BDC /* DJIDispatch2.m in Sources */ = {isa = PBXBuildFile; fileRef = B4FB0FDF1B75B99400260BDC /* DJIDispatch2.m */; };
		B4FB10491B75B99400260BDC /* DJILinkQueue2.m in Sources */ = {isa = PBXBuildFile; fileRef = B4FB0FE11B75B99400260BDC /* DJILinkQueue2.m */; };
		B4FB104A1B75B99400260BDC /* libavcodec.a in Frameworks */ = {isa = PBXBuildFile; fileRef = B4FB10391B75B99400260BDC /* libavcodec.a */; };
		B4FB104B1B75B99400260BDC /* libavdevice.a in Frameworks */ = {isa = PBXBuildFile; fileRef = B4FB103A1B75B99400260BDC /* libavdevice.a */; };
		B4FB104C1B75B99400260BDC /* libavfilter.a in Frameworks */ = {isa = PBXBuildFile; fileRef = B4FB103B1B75B99400260BDC /* libavfilter.a */; };
		B4FB104D1B75B99400260BDC /* libavformat.a in Frameworks */ = {isa = PBXBuildFile; fileRef = B4FB103C1B75B99400260BDC /* libavformat.a */; };
		B4FB104E1B75B99400260BDC /* libavresample.a in Frameworks */ = {isa = PBXBuildFile; fileRef = B4FB103D1B75B99400260BDC /* libavresample.a */; };
		B4FB104F1B75B99400260BDC /* libavutil.a in Frameworks */ = {isa = PBXBuildFile; fileRef = B4FB103E1B75B99400260BDC /* libavutil.a */; };
		B4FB10501B75B99400260BDC /* libpostproc.a in Frameworks */ = {isa = PBXBuildFile; fileRef = B4FB103F1B75B99400260BDC /* libpostproc.a */; };
		B4FB10511B75B99400260BDC /* libswresample.a in Frameworks */ = {isa = PBXBuildFile; fileRef = B4FB10401B75B99400260BDC /* libswresample.a */; };
		B4FB10521B75B99400260BDC /* libswscale.a in Frameworks */ = {isa = PBXBuildFile; fileRef = B4FB10411B75B99400260BDC /* libswscale.a */; };
		B4FB10531B75B99400260BDC /* MovieGLView.m in Sources */ = {isa = PBXBuildFile; fileRef = B4FB10431B75B99400260BDC /* MovieGLView.m */; };
		B4FB10541B75B99400260BDC /* VideoFrameExtractor.m in Sources */ = {isa = PBXBuildFile; fileRef = B4FB10451B75B99400260BDC /* VideoFrameExtractor.m */; };
		B4FB10551B75B99400260BDC /* VideoPreviewer.m in Sources */ = {isa = PBXBuildFile; fileRef = B4FB10471B75B99400260BDC /* VideoPreviewer.m */; };
		B4FB10571B75BAD700260BDC /* libiconv.dylib in Frameworks */ = {isa = PBXBuildFile; fileRef = B4FB10561B75BAD700260BDC /* libiconv.dylib */; };
		B4FB105D1B75C22000260BDC /* DJICameraViewController.m in Sources */ = {isa = PBXBuildFile; fileRef = B4FB105C1B75C22000260BDC /* DJICameraViewController.m */; };
/* End PBXBuildFile section */

/* Begin PBXContainerItemProxy section */
		B48299841B6DFD87006A4784 /* PBXContainerItemProxy */ = {
			isa = PBXContainerItemProxy;
			containerPortal = B48299621B6DFD87006A4784 /* Project object */;
			proxyType = 1;
			remoteGlobalIDString = B48299691B6DFD87006A4784;
			remoteInfo = "AQI Detection";
		};
/* End PBXContainerItemProxy section */

/* Begin PBXFileReference section */
		B482996A1B6DFD87006A4784 /* AQI Detection.app */ = {isa = PBXFileReference; explicitFileType = wrapper.application; includeInIndex = 0; path = "AQI Detection.app"; sourceTree = BUILT_PRODUCTS_DIR; };
		B482996E1B6DFD87006A4784 /* Info.plist */ = {isa = PBXFileReference; lastKnownFileType = text.plist.xml; path = Info.plist; sourceTree = "<group>"; };
		B482996F1B6DFD87006A4784 /* main.m */ = {isa = PBXFileReference; lastKnownFileType = sourcecode.c.objc; path = main.m; sourceTree = "<group>"; };
		B48299711B6DFD87006A4784 /* AppDelegate.h */ = {isa = PBXFileReference; lastKnownFileType = sourcecode.c.h; path = AppDelegate.h; sourceTree = "<group>"; };
		B48299721B6DFD87006A4784 /* AppDelegate.mm */ = {isa = PBXFileReference; lastKnownFileType = sourcecode.cpp.objcpp; path = AppDelegate.mm; sourceTree = "<group>"; };
		B48299741B6DFD87006A4784 /* ViewController.h */ = {isa = PBXFileReference; lastKnownFileType = sourcecode.c.h; path = ViewController.h; sourceTree = "<group>"; };
		B48299751B6DFD87006A4784 /* ViewController.m */ = {isa = PBXFileReference; lastKnownFileType = sourcecode.c.objc; path = ViewController.m; sourceTree = "<group>"; };
		B48299781B6DFD87006A4784 /* Base */ = {isa = PBXFileReference; lastKnownFileType = file.storyboard; name = Base; path = Base.lproj/Main.storyboard; sourceTree = "<group>"; };
		B482997A1B6DFD87006A4784 /* Images.xcassets */ = {isa = PBXFileReference; lastKnownFileType = folder.assetcatalog; path = Images.xcassets; sourceTree = "<group>"; };
		B482997D1B6DFD87006A4784 /* Base */ = {isa = PBXFileReference; lastKnownFileType = file.xib; name = Base; path = Base.lproj/LaunchScreen.xib; sourceTree = "<group>"; };
		B48299831B6DFD87006A4784 /* AQI DetectionTests.xctest */ = {isa = PBXFileReference; explicitFileType = wrapper.cfbundle; includeInIndex = 0; path = "AQI DetectionTests.xctest"; sourceTree = BUILT_PRODUCTS_DIR; };
		B48299881B6DFD87006A4784 /* Info.plist */ = {isa = PBXFileReference; lastKnownFileType = text.plist.xml; path = Info.plist; sourceTree = "<group>"; };
		B48299891B6DFD87006A4784 /* AQI_DetectionTests.m */ = {isa = PBXFileReference; lastKnownFileType = sourcecode.c.objc; path = AQI_DetectionTests.m; sourceTree = "<group>"; };
		B48299981B6E0115006A4784 /* libz.dylib */ = {isa = PBXFileReference; lastKnownFileType = "compiled.mach-o.dylib"; name = libz.dylib; path = usr/lib/libz.dylib; sourceTree = SDKROOT; };
		B482999A1B6E0125006A4784 /* libstdc++.6.0.9.dylib */ = {isa = PBXFileReference; lastKnownFileType = "compiled.mach-o.dylib"; name = "libstdc++.6.0.9.dylib"; path = "usr/lib/libstdc++.6.0.9.dylib"; sourceTree = SDKROOT; };
		B48299A31B6E13C2006A4784 /* iPhone launchscreen.png */ = {isa = PBXFileReference; lastKnownFileType = image.png; name = "iPhone launchscreen.png"; path = "../AQI Detection/iPhone launchscreen.png"; sourceTree = "<group>"; };
		B48299A71B6E1DE1006A4784 /* LOGO(Black-and-White).png */ = {isa = PBXFileReference; lastKnownFileType = image.png; name = "LOGO(Black-and-White).png"; path = "../AQI Detection/LOGO(Black-and-White).png"; sourceTree = "<group>"; };
		B48299A91B6E1F9A006A4784 /* LOGO(Black-and-White) 透明.png */ = {isa = PBXFileReference; lastKnownFileType = image.png; name = "LOGO(Black-and-White) 透明.png"; path = "../AQI Detection/LOGO(Black-and-White) 透明.png"; sourceTree = "<group>"; };
		B48299AF1B6E21EB006A4784 /* DJISDK.framework */ = {isa = PBXFileReference; lastKnownFileType = wrapper.framework; name = DJISDK.framework; path = ../../../../src/DJISDK.framework; sourceTree = "<group>"; };
		B48299B11B6F3A35006A4784 /* fa1078eea51362f3d6af655a72081327.jpg */ = {isa = PBXFileReference; lastKnownFileType = image.jpeg; name = fa1078eea51362f3d6af655a72081327.jpg; path = ../../../../fa1078eea51362f3d6af655a72081327.jpg; sourceTree = "<group>"; };
		B48299B31B71C61D006A4784 /* 2765da53cc080d4db2f90224d8a62d86.jpg */ = {isa = PBXFileReference; lastKnownFileType = image.jpeg; name = 2765da53cc080d4db2f90224d8a62d86.jpg; path = ../../../../2765da53cc080d4db2f90224d8a62d86.jpg; sourceTree = "<group>"; };
		B48299B51B71C63A006A4784 /* 2765da53cc080d4db2f90224d8a62d86.jpg */ = {isa = PBXFileReference; lastKnownFileType = image.jpeg; name = 2765da53cc080d4db2f90224d8a62d86.jpg; path = ../../../../2765da53cc080d4db2f90224d8a62d86.jpg; sourceTree = "<group>"; };
		B48299B71B7303F8006A4784 /* 260eb8963b7933549285ee6626c05a45.jpeg */ = {isa = PBXFileReference; lastKnownFileType = image.jpeg; name = 260eb8963b7933549285ee6626c05a45.jpeg; path = ../../../../260eb8963b7933549285ee6626c05a45.jpeg; sourceTree = "<group>"; };
		B48299B91B73096C006A4784 /* c817674b97cdbd41a9377fd7396dd35e.jpg */ = {isa = PBXFileReference; lastKnownFileType = image.jpeg; name = c817674b97cdbd41a9377fd7396dd35e.jpg; path = ../../../../c817674b97cdbd41a9377fd7396dd35e.jpg; sourceTree = "<group>"; };
		B48299BB1B730D29006A4784 /* Image 8-6-15 at 11.33 AM.jpg */ = {isa = PBXFileReference; lastKnownFileType = image.jpeg; name = "Image 8-6-15 at 11.33 AM.jpg"; path = "../../../../Image 8-6-15 at 11.33 AM.jpg"; sourceTree = "<group>"; };
		B48299BD1B73542B006A4784 /* Image 8-6-15 at 11.33 AM.jpg */ = {isa = PBXFileReference; lastKnownFileType = image.jpeg; name = "Image 8-6-15 at 11.33 AM.jpg"; path = "../../../../Image 8-6-15 at 11.33 AM.jpg"; sourceTree = "<group>"; };
		B48299BF1B735A65006A4784 /* IMG_3263.jpg */ = {isa = PBXFileReference; lastKnownFileType = image.jpeg; name = IMG_3263.jpg; path = ../../../../IMG_3263.jpg; sourceTree = "<group>"; };
		B48299C11B73606F006A4784 /* c505991a4c577ffcc9aa9df25c6df525.jpg */ = {isa = PBXFileReference; lastKnownFileType = image.jpeg; name = c505991a4c577ffcc9aa9df25c6df525.jpg; path = ../../../../c505991a4c577ffcc9aa9df25c6df525.jpg; sourceTree = "<group>"; };
		B4FB0FD71B74A37B00260BDC /* IMG_3289.jpg */ = {isa = PBXFileReference; lastKnownFileType = image.jpeg; name = IMG_3289.jpg; path = ../../../../IMG_3289.jpg; sourceTree = "<group>"; };
		B4FB0FDE1B75B99400260BDC /* DJIDispatch2.h */ = {isa = PBXFileReference; fileEncoding = 4; lastKnownFileType = sourcecode.c.h; path = DJIDispatch2.h; sourceTree = "<group>"; };
		B4FB0FDF1B75B99400260BDC /* DJIDispatch2.m */ = {isa = PBXFileReference; fileEncoding = 4; lastKnownFileType = sourcecode.c.objc; path = DJIDispatch2.m; sourceTree = "<group>"; };
		B4FB0FE01B75B99400260BDC /* DJILinkQueue2.h */ = {isa = PBXFileReference; fileEncoding = 4; lastKnownFileType = sourcecode.c.h; path = DJILinkQueue2.h; sourceTree = "<group>"; };
		B4FB0FE11B75B99400260BDC /* DJILinkQueue2.m */ = {isa = PBXFileReference; fileEncoding = 4; lastKnownFileType = sourcecode.c.objc; path = DJILinkQueue2.m; sourceTree = "<group>"; };
		B4FB0FE51B75B99400260BDC /* avcodec.h */ = {isa = PBXFileReference; fileEncoding = 4; lastKnownFileType = sourcecode.c.h; path = avcodec.h; sourceTree = "<group>"; };
		B4FB0FE61B75B99400260BDC /* avfft.h */ = {isa = PBXFileReference; fileEncoding = 4; lastKnownFileType = sourcecode.c.h; path = avfft.h; sourceTree = "<group>"; };
		B4FB0FE71B75B99400260BDC /* dxva2.h */ = {isa = PBXFileReference; fileEncoding = 4; lastKnownFileType = sourcecode.c.h; path = dxva2.h; sourceTree = "<group>"; };
		B4FB0FE81B75B99400260BDC /* old_codec_ids.h */ = {isa = PBXFileReference; fileEncoding = 4; lastKnownFileType = sourcecode.c.h; path = old_codec_ids.h; sourceTree = "<group>"; };
		B4FB0FE91B75B99400260BDC /* vaapi.h */ = {isa = PBXFileReference; fileEncoding = 4; lastKnownFileType = sourcecode.c.h; path = vaapi.h; sourceTree = "<group>"; };
		B4FB0FEA1B75B99400260BDC /* vda.h */ = {isa = PBXFileReference; fileEncoding = 4; lastKnownFileType = sourcecode.c.h; path = vda.h; sourceTree = "<group>"; };
		B4FB0FEB1B75B99400260BDC /* vdpau.h */ = {isa = PBXFileReference; fileEncoding = 4; lastKnownFileType = sourcecode.c.h; path = vdpau.h; sourceTree = "<group>"; };
		B4FB0FEC1B75B99400260BDC /* version.h */ = {isa = PBXFileReference; fileEncoding = 4; lastKnownFileType = sourcecode.c.h; path = version.h; sourceTree = "<group>"; };
		B4FB0FED1B75B99400260BDC /* xvmc.h */ = {isa = PBXFileReference; fileEncoding = 4; lastKnownFileType = sourcecode.c.h; path = xvmc.h; sourceTree = "<group>"; };
		B4FB0FEF1B75B99400260BDC /* avdevice.h */ = {isa = PBXFileReference; fileEncoding = 4; lastKnownFileType = sourcecode.c.h; path = avdevice.h; sourceTree = "<group>"; };
		B4FB0FF01B75B99400260BDC /* version.h */ = {isa = PBXFileReference; fileEncoding = 4; lastKnownFileType = sourcecode.c.h; path = version.h; sourceTree = "<group>"; };
		B4FB0FF21B75B99400260BDC /* asrc_abuffer.h */ = {isa = PBXFileReference; fileEncoding = 4; lastKnownFileType = sourcecode.c.h; path = asrc_abuffer.h; sourceTree = "<group>"; };
		B4FB0FF31B75B99400260BDC /* avcodec.h */ = {isa = PBXFileReference; fileEncoding = 4; lastKnownFileType = sourcecode.c.h; path = avcodec.h; sourceTree = "<group>"; };
		B4FB0FF41B75B99400260BDC /* avfilter.h */ = {isa = PBXFileReference; fileEncoding = 4; lastKnownFileType = sourcecode.c.h; path = avfilter.h; sourceTree = "<group>"; };
		B4FB0FF51B75B99400260BDC /* avfiltergraph.h */ = {isa = PBXFileReference; fileEncoding = 4; lastKnownFileType = sourcecode.c.h; path = avfiltergraph.h; sourceTree = "<group>"; };
		B4FB0FF61B75B99400260BDC /* buffersink.h */ = {isa = PBXFileReference; fileEncoding = 4; lastKnownFileType = sourcecode.c.h; path = buffersink.h; sourceTree = "<group>"; };
		B4FB0FF71B75B99400260BDC /* buffersrc.h */ = {isa = PBXFileReference; fileEncoding = 4; lastKnownFileType = sourcecode.c.h; path = buffersrc.h; sourceTree = "<group>"; };
		B4FB0FF81B75B99400260BDC /* version.h */ = {isa = PBXFileReference; fileEncoding = 4; lastKnownFileType = sourcecode.c.h; path = version.h; sourceTree = "<group>"; };
		B4FB0FFA1B75B99400260BDC /* avformat.h */ = {isa = PBXFileReference; fileEncoding = 4; lastKnownFileType = sourcecode.c.h; path = avformat.h; sourceTree = "<group>"; };
		B4FB0FFB1B75B99400260BDC /* avio.h */ = {isa = PBXFileReference; fileEncoding = 4; lastKnownFileType = sourcecode.c.h; path = avio.h; sourceTree = "<group>"; };
		B4FB0FFC1B75B99400260BDC /* version.h */ = {isa = PBXFileReference; fileEncoding = 4; lastKnownFileType = sourcecode.c.h; path = version.h; sourceTree = "<group>"; };
		B4FB0FFE1B75B99400260BDC /* avresample.h */ = {isa = PBXFileReference; fileEncoding = 4; lastKnownFileType = sourcecode.c.h; path = avresample.h; sourceTree = "<group>"; };
		B4FB0FFF1B75B99400260BDC /* version.h */ = {isa = PBXFileReference; fileEncoding = 4; lastKnownFileType = sourcecode.c.h; path = version.h; sourceTree = "<group>"; };
		B4FB10011B75B99400260BDC /* adler32.h */ = {isa = PBXFileReference; fileEncoding = 4; lastKnownFileType = sourcecode.c.h; path = adler32.h; sourceTree = "<group>"; };
		B4FB10021B75B99400260BDC /* aes.h */ = {isa = PBXFileReference; fileEncoding = 4; lastKnownFileType = sourcecode.c.h; path = aes.h; sourceTree = "<group>"; };
		B4FB10031B75B99400260BDC /* attributes.h */ = {isa = PBXFileReference; fileEncoding = 4; lastKnownFileType = sourcecode.c.h; path = attributes.h; sourceTree = "<group>"; };
		B4FB10041B75B99400260BDC /* audio_fifo.h */ = {isa = PBXFileReference; fileEncoding = 4; lastKnownFileType = sourcecode.c.h; path = audio_fifo.h; sourceTree = "<group>"; };
		B4FB10051B75B99400260BDC /* audioconvert.h */ = {isa = PBXFileReference; fileEncoding = 4; lastKnownFileType = sourcecode.c.h; path = audioconvert.h; sourceTree = "<group>"; };
		B4FB10061B75B99400260BDC /* avassert.h */ = {isa = PBXFileReference; fileEncoding = 4; lastKnownFileType = sourcecode.c.h; path = avassert.h; sourceTree = "<group>"; };
		B4FB10071B75B99400260BDC /* avconfig.h */ = {isa = PBXFileReference; fileEncoding = 4; lastKnownFileType = sourcecode.c.h; path = avconfig.h; sourceTree = "<group>"; };
		B4FB10081B75B99400260BDC /* avstring.h */ = {isa = PBXFileReference; fileEncoding = 4; lastKnownFileType = sourcecode.c.h; path = avstring.h; sourceTree = "<group>"; };
		B4FB10091B75B99400260BDC /* avutil.h */ = {isa = PBXFileReference; fileEncoding = 4; lastKnownFileType = sourcecode.c.h; path = avutil.h; sourceTree = "<group>"; };
		B4FB100A1B75B99400260BDC /* base64.h */ = {isa = PBXFileReference; fileEncoding = 4; lastKnownFileType = sourcecode.c.h; path = base64.h; sourceTree = "<group>"; };
		B4FB100B1B75B99400260BDC /* blowfish.h */ = {isa = PBXFileReference; fileEncoding = 4; lastKnownFileType = sourcecode.c.h; path = blowfish.h; sourceTree = "<group>"; };
		B4FB100C1B75B99400260BDC /* bprint.h */ = {isa = PBXFileReference; fileEncoding = 4; lastKnownFileType = sourcecode.c.h; path = bprint.h; sourceTree = "<group>"; };
		B4FB100D1B75B99400260BDC /* bswap.h */ = {isa = PBXFileReference; fileEncoding = 4; lastKnownFileType = sourcecode.c.h; path = bswap.h; sourceTree = "<group>"; };
		B4FB100E1B75B99400260BDC /* channel_layout.h */ = {isa = PBXFileReference; fileEncoding = 4; lastKnownFileType = sourcecode.c.h; path = channel_layout.h; sourceTree = "<group>"; };
		B4FB100F1B75B99400260BDC /* common.h */ = {isa = PBXFileReference; fileEncoding = 4; lastKnownFileType = sourcecode.c.h; path = common.h; sourceTree = "<group>"; };
		B4FB10101B75B99400260BDC /* cpu.h */ = {isa = PBXFileReference; fileEncoding = 4; lastKnownFileType = sourcecode.c.h; path = cpu.h; sourceTree = "<group>"; };
		B4FB10111B75B99400260BDC /* crc.h */ = {isa = PBXFileReference; fileEncoding = 4; lastKnownFileType = sourcecode.c.h; path = crc.h; sourceTree = "<group>"; };
		B4FB10121B75B99400260BDC /* dict.h */ = {isa = PBXFileReference; fileEncoding = 4; lastKnownFileType = sourcecode.c.h; path = dict.h; sourceTree = "<group>"; };
		B4FB10131B75B99400260BDC /* error.h */ = {isa = PBXFileReference; fileEncoding = 4; lastKnownFileType = sourcecode.c.h; path = error.h; sourceTree = "<group>"; };
		B4FB10141B75B99400260BDC /* eval.h */ = {isa = PBXFileReference; fileEncoding = 4; lastKnownFileType = sourcecode.c.h; path = eval.h; sourceTree = "<group>"; };
		B4FB10151B75B99400260BDC /* fifo.h */ = {isa = PBXFileReference; fileEncoding = 4; lastKnownFileType = sourcecode.c.h; path = fifo.h; sourceTree = "<group>"; };
		B4FB10161B75B99400260BDC /* file.h */ = {isa = PBXFileReference; fileEncoding = 4; lastKnownFileType = sourcecode.c.h; path = file.h; sourceTree = "<group>"; };
		B4FB10171B75B99400260BDC /* hmac.h */ = {isa = PBXFileReference; fileEncoding = 4; lastKnownFileType = sourcecode.c.h; path = hmac.h; sourceTree = "<group>"; };
		B4FB10181B75B99400260BDC /* imgutils.h */ = {isa = PBXFileReference; fileEncoding = 4; lastKnownFileType = sourcecode.c.h; path = imgutils.h; sourceTree = "<group>"; };
		B4FB10191B75B99400260BDC /* intfloat.h */ = {isa = PBXFileReference; fileEncoding = 4; lastKnownFileType = sourcecode.c.h; path = intfloat.h; sourceTree = "<group>"; };
		B4FB101A1B75B99400260BDC /* intfloat_readwrite.h */ = {isa = PBXFileReference; fileEncoding = 4; lastKnownFileType = sourcecode.c.h; path = intfloat_readwrite.h; sourceTree = "<group>"; };
		B4FB101B1B75B99400260BDC /* intreadwrite.h */ = {isa = PBXFileReference; fileEncoding = 4; lastKnownFileType = sourcecode.c.h; path = intreadwrite.h; sourceTree = "<group>"; };
		B4FB101C1B75B99400260BDC /* lfg.h */ = {isa = PBXFileReference; fileEncoding = 4; lastKnownFileType = sourcecode.c.h; path = lfg.h; sourceTree = "<group>"; };
		B4FB101D1B75B99400260BDC /* log.h */ = {isa = PBXFileReference; fileEncoding = 4; lastKnownFileType = sourcecode.c.h; path = log.h; sourceTree = "<group>"; };
		B4FB101E1B75B99400260BDC /* mathematics.h */ = {isa = PBXFileReference; fileEncoding = 4; lastKnownFileType = sourcecode.c.h; path = mathematics.h; sourceTree = "<group>"; };
		B4FB101F1B75B99400260BDC /* md5.h */ = {isa = PBXFileReference; fileEncoding = 4; lastKnownFileType = sourcecode.c.h; path = md5.h; sourceTree = "<group>"; };
		B4FB10201B75B99400260BDC /* mem.h */ = {isa = PBXFileReference; fileEncoding = 4; lastKnownFileType = sourcecode.c.h; path = mem.h; sourceTree = "<group>"; };
		B4FB10211B75B99400260BDC /* old_pix_fmts.h */ = {isa = PBXFileReference; fileEncoding = 4; lastKnownFileType = sourcecode.c.h; path = old_pix_fmts.h; sourceTree = "<group>"; };
		B4FB10221B75B99400260BDC /* opt.h */ = {isa = PBXFileReference; fileEncoding = 4; lastKnownFileType = sourcecode.c.h; path = opt.h; sourceTree = "<group>"; };
		B4FB10231B75B99400260BDC /* parseutils.h */ = {isa = PBXFileReference; fileEncoding = 4; lastKnownFileType = sourcecode.c.h; path = parseutils.h; sourceTree = "<group>"; };
		B4FB10241B75B99400260BDC /* pixdesc.h */ = {isa = PBXFileReference; fileEncoding = 4; lastKnownFileType = sourcecode.c.h; path = pixdesc.h; sourceTree = "<group>"; };
		B4FB10251B75B99400260BDC /* pixfmt.h */ = {isa = PBXFileReference; fileEncoding = 4; lastKnownFileType = sourcecode.c.h; path = pixfmt.h; sourceTree = "<group>"; };
		B4FB10261B75B99400260BDC /* random_seed.h */ = {isa = PBXFileReference; fileEncoding = 4; lastKnownFileType = sourcecode.c.h; path = random_seed.h; sourceTree = "<group>"; };
		B4FB10271B75B99400260BDC /* rational.h */ = {isa = PBXFileReference; fileEncoding = 4; lastKnownFileType = sourcecode.c.h; path = rational.h; sourceTree = "<group>"; };
		B4FB10281B75B99400260BDC /* samplefmt.h */ = {isa = PBXFileReference; fileEncoding = 4; lastKnownFileType = sourcecode.c.h; path = samplefmt.h; sourceTree = "<group>"; };
		B4FB10291B75B99400260BDC /* sha.h */ = {isa = PBXFileReference; fileEncoding = 4; lastKnownFileType = sourcecode.c.h; path = sha.h; sourceTree = "<group>"; };
		B4FB102A1B75B99400260BDC /* time.h */ = {isa = PBXFileReference; fileEncoding = 4; lastKnownFileType = sourcecode.c.h; path = time.h; sourceTree = "<group>"; };
		B4FB102B1B75B99400260BDC /* timecode.h */ = {isa = PBXFileReference; fileEncoding = 4; lastKnownFileType = sourcecode.c.h; path = timecode.h; sourceTree = "<group>"; };
		B4FB102C1B75B99400260BDC /* timestamp.h */ = {isa = PBXFileReference; fileEncoding = 4; lastKnownFileType = sourcecode.c.h; path = timestamp.h; sourceTree = "<group>"; };
		B4FB102D1B75B99400260BDC /* version.h */ = {isa = PBXFileReference; fileEncoding = 4; lastKnownFileType = sourcecode.c.h; path = version.h; sourceTree = "<group>"; };
		B4FB102E1B75B99400260BDC /* xtea.h */ = {isa = PBXFileReference; fileEncoding = 4; lastKnownFileType = sourcecode.c.h; path = xtea.h; sourceTree = "<group>"; };
		B4FB10301B75B99400260BDC /* postprocess.h */ = {isa = PBXFileReference; fileEncoding = 4; lastKnownFileType = sourcecode.c.h; path = postprocess.h; sourceTree = "<group>"; };
		B4FB10311B75B99400260BDC /* version.h */ = {isa = PBXFileReference; fileEncoding = 4; lastKnownFileType = sourcecode.c.h; path = version.h; sourceTree = "<group>"; };
		B4FB10331B75B99400260BDC /* swresample.h */ = {isa = PBXFileReference; fileEncoding = 4; lastKnownFileType = sourcecode.c.h; path = swresample.h; sourceTree = "<group>"; };
		B4FB10341B75B99400260BDC /* version.h */ = {isa = PBXFileReference; fileEncoding = 4; lastKnownFileType = sourcecode.c.h; path = version.h; sourceTree = "<group>"; };
		B4FB10361B75B99400260BDC /* swscale.h */ = {isa = PBXFileReference; fileEncoding = 4; lastKnownFileType = sourcecode.c.h; path = swscale.h; sourceTree = "<group>"; };
		B4FB10371B75B99400260BDC /* version.h */ = {isa = PBXFileReference; fileEncoding = 4; lastKnownFileType = sourcecode.c.h; path = version.h; sourceTree = "<group>"; };
		B4FB10391B75B99400260BDC /* libavcodec.a */ = {isa = PBXFileReference; lastKnownFileType = archive.ar; path = libavcodec.a; sourceTree = "<group>"; };
		B4FB103A1B75B99400260BDC /* libavdevice.a */ = {isa = PBXFileReference; lastKnownFileType = archive.ar; path = libavdevice.a; sourceTree = "<group>"; };
		B4FB103B1B75B99400260BDC /* libavfilter.a */ = {isa = PBXFileReference; lastKnownFileType = archive.ar; path = libavfilter.a; sourceTree = "<group>"; };
		B4FB103C1B75B99400260BDC /* libavformat.a */ = {isa = PBXFileReference; lastKnownFileType = archive.ar; path = libavformat.a; sourceTree = "<group>"; };
		B4FB103D1B75B99400260BDC /* libavresample.a */ = {isa = PBXFileReference; lastKnownFileType = archive.ar; path = libavresample.a; sourceTree = "<group>"; };
		B4FB103E1B75B99400260BDC /* libavutil.a */ = {isa = PBXFileReference; lastKnownFileType = archive.ar; path = libavutil.a; sourceTree = "<group>"; };
		B4FB103F1B75B99400260BDC /* libpostproc.a */ = {isa = PBXFileReference; lastKnownFileType = archive.ar; path = libpostproc.a; sourceTree = "<group>"; };
		B4FB10401B75B99400260BDC /* libswresample.a */ = {isa = PBXFileReference; lastKnownFileType = archive.ar; path = libswresample.a; sourceTree = "<group>"; };
		B4FB10411B75B99400260BDC /* libswscale.a */ = {isa = PBXFileReference; lastKnownFileType = archive.ar; path = libswscale.a; sourceTree = "<group>"; };
		B4FB10421B75B99400260BDC /* MovieGLView.h */ = {isa = PBXFileReference; fileEncoding = 4; lastKnownFileType = sourcecode.c.h; path = MovieGLView.h; sourceTree = "<group>"; };
		B4FB10431B75B99400260BDC /* MovieGLView.m */ = {isa = PBXFileReference; fileEncoding = 4; lastKnownFileType = sourcecode.c.objc; path = MovieGLView.m; sourceTree = "<group>"; };
		B4FB10441B75B99400260BDC /* VideoFrameExtractor.h */ = {isa = PBXFileReference; fileEncoding = 4; lastKnownFileType = sourcecode.c.h; path = VideoFrameExtractor.h; sourceTree = "<group>"; };
		B4FB10451B75B99400260BDC /* VideoFrameExtractor.m */ = {isa = PBXFileReference; fileEncoding = 4; lastKnownFileType = sourcecode.c.objc; path = VideoFrameExtractor.m; sourceTree = "<group>"; };
		B4FB10461B75B99400260BDC /* VideoPreviewer.h */ = {isa = PBXFileReference; fileEncoding = 4; lastKnownFileType = sourcecode.c.h; path = VideoPreviewer.h; sourceTree = "<group>"; };
		B4FB10471B75B99400260BDC /* VideoPreviewer.m */ = {isa = PBXFileReference; fileEncoding = 4; lastKnownFileType = sourcecode.c.objc; path = VideoPreviewer.m; sourceTree = "<group>"; };
		B4FB10561B75BAD700260BDC /* libiconv.dylib */ = {isa = PBXFileReference; lastKnownFileType = "compiled.mach-o.dylib"; name = libiconv.dylib; path = usr/lib/libiconv.dylib; sourceTree = SDKROOT; };
		B4FB105B1B75C22000260BDC /* DJICameraViewController.h */ = {isa = PBXFileReference; fileEncoding = 4; lastKnownFileType = sourcecode.c.h; path = DJICameraViewController.h; sourceTree = "<group>"; };
		B4FB105C1B75C22000260BDC /* DJICameraViewController.m */ = {isa = PBXFileReference; fileEncoding = 4; lastKnownFileType = sourcecode.c.objc; path = DJICameraViewController.m; sourceTree = "<group>"; };
/* End PBXFileReference section */

/* Begin PBXFrameworksBuildPhase section */
		B48299671B6DFD87006A4784 /* Frameworks */ = {
			isa = PBXFrameworksBuildPhase;
			buildActionMask = 2147483647;
			files = (
				B4FB10571B75BAD700260BDC /* libiconv.dylib in Frameworks */,
				B4FB10521B75B99400260BDC /* libswscale.a in Frameworks */,
				B4FB104F1B75B99400260BDC /* libavutil.a in Frameworks */,
				B4FB104C1B75B99400260BDC /* libavfilter.a in Frameworks */,
				B4FB104B1B75B99400260BDC /* libavdevice.a in Frameworks */,
				B4FB104D1B75B99400260BDC /* libavformat.a in Frameworks */,
				B48299B01B6E21EB006A4784 /* DJISDK.framework in Frameworks */,
				B482999B1B6E0125006A4784 /* libstdc++.6.0.9.dylib in Frameworks */,
				B4FB104E1B75B99400260BDC /* libavresample.a in Frameworks */,
				B4FB10501B75B99400260BDC /* libpostproc.a in Frameworks */,
				B48299991B6E0115006A4784 /* libz.dylib in Frameworks */,
				B4FB10511B75B99400260BDC /* libswresample.a in Frameworks */,
				B4FB104A1B75B99400260BDC /* libavcodec.a in Frameworks */,
			);
			runOnlyForDeploymentPostprocessing = 0;
		};
		B48299801B6DFD87006A4784 /* Frameworks */ = {
			isa = PBXFrameworksBuildPhase;
			buildActionMask = 2147483647;
			files = (
			);
			runOnlyForDeploymentPostprocessing = 0;
		};
/* End PBXFrameworksBuildPhase section */

/* Begin PBXGroup section */
		B48299611B6DFD87006A4784 = {
			isa = PBXGroup;
			children = (
				B482996B1B6DFD87006A4784 /* Products */,
				B482996C1B6DFD87006A4784 /* AQI Detection */,
				B48299861B6DFD87006A4784 /* AQI DetectionTests */,
				B48299971B6DFEAA006A4784 /* Frameworks */,
			);
			sourceTree = "<group>";
		};
		B482996B1B6DFD87006A4784 /* Products */ = {
			isa = PBXGroup;
			children = (
				B482996A1B6DFD87006A4784 /* AQI Detection.app */,
				B48299831B6DFD87006A4784 /* AQI DetectionTests.xctest */,
			);
			name = Products;
			sourceTree = "<group>";
		};
		B482996C1B6DFD87006A4784 /* AQI Detection */ = {
			isa = PBXGroup;
			children = (
				B48299711B6DFD87006A4784 /* AppDelegate.h */,
				B48299721B6DFD87006A4784 /* AppDelegate.mm */,
				B4FB105B1B75C22000260BDC /* DJICameraViewController.h */,
				B4FB105C1B75C22000260BDC /* DJICameraViewController.m */,
				B48299741B6DFD87006A4784 /* ViewController.h */,
				B48299751B6DFD87006A4784 /* ViewController.m */,
				B48299771B6DFD87006A4784 /* Main.storyboard */,
				B482997C1B6DFD87006A4784 /* LaunchScreen.xib */,
				B482997A1B6DFD87006A4784 /* Images.xcassets */,
				B4FB0FDA1B75B81000260BDC /* thirdParty */,
				B4FB0FD91B75B7A500260BDC /* ImageResource */,
				B482996D1B6DFD87006A4784 /* Supporting Files */,
			);
			path = "AQI Detection";
			sourceTree = "<group>";
		};
		B482996D1B6DFD87006A4784 /* Supporting Files */ = {
			isa = PBXGroup;
			children = (
				B482996E1B6DFD87006A4784 /* Info.plist */,
				B482996F1B6DFD87006A4784 /* main.m */,
			);
			name = "Supporting Files";
			sourceTree = "<group>";
		};
		B48299861B6DFD87006A4784 /* AQI DetectionTests */ = {
			isa = PBXGroup;
			children = (
				B48299891B6DFD87006A4784 /* AQI_DetectionTests.m */,
				B48299871B6DFD87006A4784 /* Supporting Files */,
			);
			path = "AQI DetectionTests";
			sourceTree = "<group>";
		};
		B48299871B6DFD87006A4784 /* Supporting Files */ = {
			isa = PBXGroup;
			children = (
				B48299881B6DFD87006A4784 /* Info.plist */,
			);
			name = "Supporting Files";
			sourceTree = "<group>";
		};
		B48299971B6DFEAA006A4784 /* Frameworks */ = {
			isa = PBXGroup;
			children = (
				B4FB10561B75BAD700260BDC /* libiconv.dylib */,
				B48299AF1B6E21EB006A4784 /* DJISDK.framework */,
				B482999A1B6E0125006A4784 /* libstdc++.6.0.9.dylib */,
				B48299981B6E0115006A4784 /* libz.dylib */,
			);
			name = Frameworks;
			path = "AQI Detection.xcodeproj";
			sourceTree = "<group>";
		};
		B4FB0FD91B75B7A500260BDC /* ImageResource */ = {
			isa = PBXGroup;
			children = (
				B48299B11B6F3A35006A4784 /* fa1078eea51362f3d6af655a72081327.jpg */,
				B48299BD1B73542B006A4784 /* Image 8-6-15 at 11.33 AM.jpg */,
				B4FB0FD71B74A37B00260BDC /* IMG_3289.jpg */,
				B48299A31B6E13C2006A4784 /* iPhone launchscreen.png */,
				B48299B31B71C61D006A4784 /* 2765da53cc080d4db2f90224d8a62d86.jpg */,
				B48299B51B71C63A006A4784 /* 2765da53cc080d4db2f90224d8a62d86.jpg */,
				B48299C11B73606F006A4784 /* c505991a4c577ffcc9aa9df25c6df525.jpg */,
				B48299BF1B735A65006A4784 /* IMG_3263.jpg */,
				B48299A91B6E1F9A006A4784 /* LOGO(Black-and-White) 透明.png */,
				B48299A71B6E1DE1006A4784 /* LOGO(Black-and-White).png */,
				B48299B91B73096C006A4784 /* c817674b97cdbd41a9377fd7396dd35e.jpg */,
				B48299B71B7303F8006A4784 /* 260eb8963b7933549285ee6626c05a45.jpeg */,
				B48299BB1B730D29006A4784 /* Image 8-6-15 at 11.33 AM.jpg */,
			);
			name = ImageResource;
			path = "../AQI Detection.xcodeproj";
			sourceTree = "<group>";
		};
		B4FB0FDA1B75B81000260BDC /* thirdParty */ = {
			isa = PBXGroup;
			children = (
				B4FB0FDD1B75B99400260BDC /* VideoPreviewer */,
			);
			name = thirdParty;
			path = "../AQI Detection.xcodeproj";
			sourceTree = "<group>";
		};
		B4FB0FDD1B75B99400260BDC /* VideoPreviewer */ = {
			isa = PBXGroup;
			children = (
				B4FB0FDE1B75B99400260BDC /* DJIDispatch2.h */,
				B4FB0FDF1B75B99400260BDC /* DJIDispatch2.m */,
				B4FB0FE01B75B99400260BDC /* DJILinkQueue2.h */,
				B4FB0FE11B75B99400260BDC /* DJILinkQueue2.m */,
				B4FB0FE21B75B99400260BDC /* ffmpeg */,
				B4FB10421B75B99400260BDC /* MovieGLView.h */,
				B4FB10431B75B99400260BDC /* MovieGLView.m */,
				B4FB10441B75B99400260BDC /* VideoFrameExtractor.h */,
				B4FB10451B75B99400260BDC /* VideoFrameExtractor.m */,
				B4FB10461B75B99400260BDC /* VideoPreviewer.h */,
				B4FB10471B75B99400260BDC /* VideoPreviewer.m */,
			);
			name = VideoPreviewer;
			path = ../../../../../Downloads/DJI_SDK_iOS_GetStart/GetStart/VideoPreviewer;
			sourceTree = "<group>";
		};
		B4FB0FE21B75B99400260BDC /* ffmpeg */ = {
			isa = PBXGroup;
			children = (
				B4FB0FE31B75B99400260BDC /* include */,
				B4FB10381B75B99400260BDC /* lib */,
			);
			path = ffmpeg;
			sourceTree = "<group>";
		};
		B4FB0FE31B75B99400260BDC /* include */ = {
			isa = PBXGroup;
			children = (
				B4FB0FE41B75B99400260BDC /* libavcodec */,
				B4FB0FEE1B75B99400260BDC /* libavdevice */,
				B4FB0FF11B75B99400260BDC /* libavfilter */,
				B4FB0FF91B75B99400260BDC /* libavformat */,
				B4FB0FFD1B75B99400260BDC /* libavresample */,
				B4FB10001B75B99400260BDC /* libavutil */,
				B4FB102F1B75B99400260BDC /* libpostproc */,
				B4FB10321B75B99400260BDC /* libswresample */,
				B4FB10351B75B99400260BDC /* libswscale */,
			);
			path = include;
			sourceTree = "<group>";
		};
		B4FB0FE41B75B99400260BDC /* libavcodec */ = {
			isa = PBXGroup;
			children = (
				B4FB0FE51B75B99400260BDC /* avcodec.h */,
				B4FB0FE61B75B99400260BDC /* avfft.h */,
				B4FB0FE71B75B99400260BDC /* dxva2.h */,
				B4FB0FE81B75B99400260BDC /* old_codec_ids.h */,
				B4FB0FE91B75B99400260BDC /* vaapi.h */,
				B4FB0FEA1B75B99400260BDC /* vda.h */,
				B4FB0FEB1B75B99400260BDC /* vdpau.h */,
				B4FB0FEC1B75B99400260BDC /* version.h */,
				B4FB0FED1B75B99400260BDC /* xvmc.h */,
			);
			path = libavcodec;
			sourceTree = "<group>";
		};
		B4FB0FEE1B75B99400260BDC /* libavdevice */ = {
			isa = PBXGroup;
			children = (
				B4FB0FEF1B75B99400260BDC /* avdevice.h */,
				B4FB0FF01B75B99400260BDC /* version.h */,
			);
			path = libavdevice;
			sourceTree = "<group>";
		};
		B4FB0FF11B75B99400260BDC /* libavfilter */ = {
			isa = PBXGroup;
			children = (
				B4FB0FF21B75B99400260BDC /* asrc_abuffer.h */,
				B4FB0FF31B75B99400260BDC /* avcodec.h */,
				B4FB0FF41B75B99400260BDC /* avfilter.h */,
				B4FB0FF51B75B99400260BDC /* avfiltergraph.h */,
				B4FB0FF61B75B99400260BDC /* buffersink.h */,
				B4FB0FF71B75B99400260BDC /* buffersrc.h */,
				B4FB0FF81B75B99400260BDC /* version.h */,
			);
			path = libavfilter;
			sourceTree = "<group>";
		};
		B4FB0FF91B75B99400260BDC /* libavformat */ = {
			isa = PBXGroup;
			children = (
				B4FB0FFA1B75B99400260BDC /* avformat.h */,
				B4FB0FFB1B75B99400260BDC /* avio.h */,
				B4FB0FFC1B75B99400260BDC /* version.h */,
			);
			path = libavformat;
			sourceTree = "<group>";
		};
		B4FB0FFD1B75B99400260BDC /* libavresample */ = {
			isa = PBXGroup;
			children = (
				B4FB0FFE1B75B99400260BDC /* avresample.h */,
				B4FB0FFF1B75B99400260BDC /* version.h */,
			);
			path = libavresample;
			sourceTree = "<group>";
		};
		B4FB10001B75B99400260BDC /* libavutil */ = {
			isa = PBXGroup;
			children = (
				B4FB10011B75B99400260BDC /* adler32.h */,
				B4FB10021B75B99400260BDC /* aes.h */,
				B4FB10031B75B99400260BDC /* attributes.h */,
				B4FB10041B75B99400260BDC /* audio_fifo.h */,
				B4FB10051B75B99400260BDC /* audioconvert.h */,
				B4FB10061B75B99400260BDC /* avassert.h */,
				B4FB10071B75B99400260BDC /* avconfig.h */,
				B4FB10081B75B99400260BDC /* avstring.h */,
				B4FB10091B75B99400260BDC /* avutil.h */,
				B4FB100A1B75B99400260BDC /* base64.h */,
				B4FB100B1B75B99400260BDC /* blowfish.h */,
				B4FB100C1B75B99400260BDC /* bprint.h */,
				B4FB100D1B75B99400260BDC /* bswap.h */,
				B4FB100E1B75B99400260BDC /* channel_layout.h */,
				B4FB100F1B75B99400260BDC /* common.h */,
				B4FB10101B75B99400260BDC /* cpu.h */,
				B4FB10111B75B99400260BDC /* crc.h */,
				B4FB10121B75B99400260BDC /* dict.h */,
				B4FB10131B75B99400260BDC /* error.h */,
				B4FB10141B75B99400260BDC /* eval.h */,
				B4FB10151B75B99400260BDC /* fifo.h */,
				B4FB10161B75B99400260BDC /* file.h */,
				B4FB10171B75B99400260BDC /* hmac.h */,
				B4FB10181B75B99400260BDC /* imgutils.h */,
				B4FB10191B75B99400260BDC /* intfloat.h */,
				B4FB101A1B75B99400260BDC /* intfloat_readwrite.h */,
				B4FB101B1B75B99400260BDC /* intreadwrite.h */,
				B4FB101C1B75B99400260BDC /* lfg.h */,
				B4FB101D1B75B99400260BDC /* log.h */,
				B4FB101E1B75B99400260BDC /* mathematics.h */,
				B4FB101F1B75B99400260BDC /* md5.h */,
				B4FB10201B75B99400260BDC /* mem.h */,
				B4FB10211B75B99400260BDC /* old_pix_fmts.h */,
				B4FB10221B75B99400260BDC /* opt.h */,
				B4FB10231B75B99400260BDC /* parseutils.h */,
				B4FB10241B75B99400260BDC /* pixdesc.h */,
				B4FB10251B75B99400260BDC /* pixfmt.h */,
				B4FB10261B75B99400260BDC /* random_seed.h */,
				B4FB10271B75B99400260BDC /* rational.h */,
				B4FB10281B75B99400260BDC /* samplefmt.h */,
				B4FB10291B75B99400260BDC /* sha.h */,
				B4FB102A1B75B99400260BDC /* time.h */,
				B4FB102B1B75B99400260BDC /* timecode.h */,
				B4FB102C1B75B99400260BDC /* timestamp.h */,
				B4FB102D1B75B99400260BDC /* version.h */,
				B4FB102E1B75B99400260BDC /* xtea.h */,
			);
			path = libavutil;
			sourceTree = "<group>";
		};
		B4FB102F1B75B99400260BDC /* libpostproc */ = {
			isa = PBXGroup;
			children = (
				B4FB10301B75B99400260BDC /* postprocess.h */,
				B4FB10311B75B99400260BDC /* version.h */,
			);
			path = libpostproc;
			sourceTree = "<group>";
		};
		B4FB10321B75B99400260BDC /* libswresample */ = {
			isa = PBXGroup;
			children = (
				B4FB10331B75B99400260BDC /* swresample.h */,
				B4FB10341B75B99400260BDC /* version.h */,
			);
			path = libswresample;
			sourceTree = "<group>";
		};
		B4FB10351B75B99400260BDC /* libswscale */ = {
			isa = PBXGroup;
			children = (
				B4FB10361B75B99400260BDC /* swscale.h */,
				B4FB10371B75B99400260BDC /* version.h */,
			);
			path = libswscale;
			sourceTree = "<group>";
		};
		B4FB10381B75B99400260BDC /* lib */ = {
			isa = PBXGroup;
			children = (
				B4FB10391B75B99400260BDC /* libavcodec.a */,
				B4FB103A1B75B99400260BDC /* libavdevice.a */,
				B4FB103B1B75B99400260BDC /* libavfilter.a */,
				B4FB103C1B75B99400260BDC /* libavformat.a */,
				B4FB103D1B75B99400260BDC /* libavresample.a */,
				B4FB103E1B75B99400260BDC /* libavutil.a */,
				B4FB103F1B75B99400260BDC /* libpostproc.a */,
				B4FB10401B75B99400260BDC /* libswresample.a */,
				B4FB10411B75B99400260BDC /* libswscale.a */,
			);
			path = lib;
			sourceTree = "<group>";
		};
/* End PBXGroup section */

/* Begin PBXNativeTarget section */
		B48299691B6DFD87006A4784 /* AQI Detection */ = {
			isa = PBXNativeTarget;
			buildConfigurationList = B482998D1B6DFD87006A4784 /* Build configuration list for PBXNativeTarget "AQI Detection" */;
			buildPhases = (
				B48299661B6DFD87006A4784 /* Sources */,
				B48299671B6DFD87006A4784 /* Frameworks */,
				B48299681B6DFD87006A4784 /* Resources */,
			);
			buildRules = (
			);
			dependencies = (
			);
			name = "AQI Detection";
			productName = "AQI Detection";
			productReference = B482996A1B6DFD87006A4784 /* AQI Detection.app */;
			productType = "com.apple.product-type.application";
		};
		B48299821B6DFD87006A4784 /* AQI DetectionTests */ = {
			isa = PBXNativeTarget;
			buildConfigurationList = B48299901B6DFD87006A4784 /* Build configuration list for PBXNativeTarget "AQI DetectionTests" */;
			buildPhases = (
				B482997F1B6DFD87006A4784 /* Sources */,
				B48299801B6DFD87006A4784 /* Frameworks */,
				B48299811B6DFD87006A4784 /* Resources */,
			);
			buildRules = (
			);
			dependencies = (
				B48299851B6DFD87006A4784 /* PBXTargetDependency */,
			);
			name = "AQI DetectionTests";
			productName = "AQI DetectionTests";
			productReference = B48299831B6DFD87006A4784 /* AQI DetectionTests.xctest */;
			productType = "com.apple.product-type.bundle.unit-test";
		};
/* End PBXNativeTarget section */

/* Begin PBXProject section */
		B48299621B6DFD87006A4784 /* Project object */ = {
			isa = PBXProject;
			attributes = {
				LastUpgradeCheck = 0640;
				ORGANIZATIONNAME = "Michael Zhang";
				TargetAttributes = {
					B48299691B6DFD87006A4784 = {
						CreatedOnToolsVersion = 6.4;
					};
					B48299821B6DFD87006A4784 = {
						CreatedOnToolsVersion = 6.4;
						TestTargetID = B48299691B6DFD87006A4784;
					};
				};
			};
			buildConfigurationList = B48299651B6DFD87006A4784 /* Build configuration list for PBXProject "AQI Detection" */;
			compatibilityVersion = "Xcode 3.2";
			developmentRegion = English;
			hasScannedForEncodings = 0;
			knownRegions = (
				en,
				Base,
			);
			mainGroup = B48299611B6DFD87006A4784;
			productRefGroup = B482996B1B6DFD87006A4784 /* Products */;
			projectDirPath = "";
			projectRoot = "";
			targets = (
				B48299691B6DFD87006A4784 /* AQI Detection */,
				B48299821B6DFD87006A4784 /* AQI DetectionTests */,
			);
		};
/* End PBXProject section */

/* Begin PBXResourcesBuildPhase section */
		B48299681B6DFD87006A4784 /* Resources */ = {
			isa = PBXResourcesBuildPhase;
			buildActionMask = 2147483647;
			files = (
				B48299B61B71C63A006A4784 /* 2765da53cc080d4db2f90224d8a62d86.jpg in Resources */,
				B48299B41B71C61D006A4784 /* 2765da53cc080d4db2f90224d8a62d86.jpg in Resources */,
				B48299A41B6E13C2006A4784 /* iPhone launchscreen.png in Resources */,
				B48299791B6DFD87006A4784 /* Main.storyboard in Resources */,
				B48299A81B6E1DE1006A4784 /* LOGO(Black-and-White).png in Resources */,
				B48299BC1B730D29006A4784 /* Image 8-6-15 at 11.33 AM.jpg in Resources */,
				B48299BA1B73096C006A4784 /* c817674b97cdbd41a9377fd7396dd35e.jpg in Resources */,
				B48299C01B735A65006A4784 /* IMG_3263.jpg in Resources */,
				B48299B81B7303F8006A4784 /* 260eb8963b7933549285ee6626c05a45.jpeg in Resources */,
				B48299B21B6F3A35006A4784 /* fa1078eea51362f3d6af655a72081327.jpg in Resources */,
				B482997E1B6DFD87006A4784 /* LaunchScreen.xib in Resources */,
				B48299C21B73606F006A4784 /* c505991a4c577ffcc9aa9df25c6df525.jpg in Resources */,
				B482997B1B6DFD87006A4784 /* Images.xcassets in Resources */,
				B4FB0FD81B74A37B00260BDC /* IMG_3289.jpg in Resources */,
				B48299AA1B6E1F9A006A4784 /* LOGO(Black-and-White) 透明.png in Resources */,
				B48299BE1B73542B006A4784 /* Image 8-6-15 at 11.33 AM.jpg in Resources */,
			);
			runOnlyForDeploymentPostprocessing = 0;
		};
		B48299811B6DFD87006A4784 /* Resources */ = {
			isa = PBXResourcesBuildPhase;
			buildActionMask = 2147483647;
			files = (
			);
			runOnlyForDeploymentPostprocessing = 0;
		};
/* End PBXResourcesBuildPhase section */

/* Begin PBXSourcesBuildPhase section */
		B48299661B6DFD87006A4784 /* Sources */ = {
			isa = PBXSourcesBuildPhase;
			buildActionMask = 2147483647;
			files = (
				B48299761B6DFD87006A4784 /* ViewController.m in Sources */,
				B48299731B6DFD87006A4784 /* AppDelegate.mm in Sources */,
				B4FB10491B75B99400260BDC /* DJILinkQueue2.m in Sources */,
				B4FB10551B75B99400260BDC /* VideoPreviewer.m in Sources */,
				B4FB10481B75B99400260BDC /* DJIDispatch2.m in Sources */,
				B4FB10541B75B99400260BDC /* VideoFrameExtractor.m in Sources */,
				B4FB10531B75B99400260BDC /* MovieGLView.m in Sources */,
				B48299701B6DFD87006A4784 /* main.m in Sources */,
				B4FB105D1B75C22000260BDC /* DJICameraViewController.m in Sources */,
			);
			runOnlyForDeploymentPostprocessing = 0;
		};
		B482997F1B6DFD87006A4784 /* Sources */ = {
			isa = PBXSourcesBuildPhase;
			buildActionMask = 2147483647;
			files = (
				B482998A1B6DFD87006A4784 /* AQI_DetectionTests.m in Sources */,
			);
			runOnlyForDeploymentPostprocessing = 0;
		};
/* End PBXSourcesBuildPhase section */

/* Begin PBXTargetDependency section */
		B48299851B6DFD87006A4784 /* PBXTargetDependency */ = {
			isa = PBXTargetDependency;
			target = B48299691B6DFD87006A4784 /* AQI Detection */;
			targetProxy = B48299841B6DFD87006A4784 /* PBXContainerItemProxy */;
		};
/* End PBXTargetDependency section */

/* Begin PBXVariantGroup section */
		B48299771B6DFD87006A4784 /* Main.storyboard */ = {
			isa = PBXVariantGroup;
			children = (
				B48299781B6DFD87006A4784 /* Base */,
			);
			name = Main.storyboard;
			sourceTree = "<group>";
		};
		B482997C1B6DFD87006A4784 /* LaunchScreen.xib */ = {
			isa = PBXVariantGroup;
			children = (
				B482997D1B6DFD87006A4784 /* Base */,
			);
			name = LaunchScreen.xib;
			sourceTree = "<group>";
		};
/* End PBXVariantGroup section */

/* Begin XCBuildConfiguration section */
		B482998B1B6DFD87006A4784 /* Debug */ = {
			isa = XCBuildConfiguration;
			buildSettings = {
				ALWAYS_SEARCH_USER_PATHS = NO;
				CLANG_CXX_LANGUAGE_STANDARD = "gnu++0x";
				CLANG_CXX_LIBRARY = "libc++";
				CLANG_ENABLE_MODULES = YES;
				CLANG_ENABLE_OBJC_ARC = YES;
				CLANG_WARN_BOOL_CONVERSION = YES;
				CLANG_WARN_CONSTANT_CONVERSION = YES;
				CLANG_WARN_DIRECT_OBJC_ISA_USAGE = YES_ERROR;
				CLANG_WARN_EMPTY_BODY = YES;
				CLANG_WARN_ENUM_CONVERSION = YES;
				CLANG_WARN_INT_CONVERSION = YES;
				CLANG_WARN_OBJC_ROOT_CLASS = YES_ERROR;
				CLANG_WARN_UNREACHABLE_CODE = YES;
				CLANG_WARN__DUPLICATE_METHOD_MATCH = YES;
				"CODE_SIGN_IDENTITY[sdk=iphoneos*]" = "iPhone Developer";
				COPY_PHASE_STRIP = NO;
				DEBUG_INFORMATION_FORMAT = "dwarf-with-dsym";
				ENABLE_STRICT_OBJC_MSGSEND = YES;
				GCC_C_LANGUAGE_STANDARD = gnu99;
				GCC_DYNAMIC_NO_PIC = NO;
				GCC_NO_COMMON_BLOCKS = YES;
				GCC_OPTIMIZATION_LEVEL = 0;
				GCC_PREPROCESSOR_DEFINITIONS = (
					"DEBUG=1",
					"$(inherited)",
				);
				GCC_SYMBOLS_PRIVATE_EXTERN = NO;
				GCC_WARN_64_TO_32_BIT_CONVERSION = YES;
				GCC_WARN_ABOUT_RETURN_TYPE = YES_ERROR;
				GCC_WARN_UNDECLARED_SELECTOR = YES;
				GCC_WARN_UNINITIALIZED_AUTOS = YES_AGGRESSIVE;
				GCC_WARN_UNUSED_FUNCTION = YES;
				GCC_WARN_UNUSED_VARIABLE = YES;
				IPHONEOS_DEPLOYMENT_TARGET = 8.4;
				MTL_ENABLE_DEBUG_INFO = YES;
				ONLY_ACTIVE_ARCH = YES;
				SDKROOT = iphoneos;
				TARGETED_DEVICE_FAMILY = "1,2";
			};
			name = Debug;
		};
		B482998C1B6DFD87006A4784 /* Release */ = {
			isa = XCBuildConfiguration;
			buildSettings = {
				ALWAYS_SEARCH_USER_PATHS = NO;
				CLANG_CXX_LANGUAGE_STANDARD = "gnu++0x";
				CLANG_CXX_LIBRARY = "libc++";
				CLANG_ENABLE_MODULES = YES;
				CLANG_ENABLE_OBJC_ARC = YES;
				CLANG_WARN_BOOL_CONVERSION = YES;
				CLANG_WARN_CONSTANT_CONVERSION = YES;
				CLANG_WARN_DIRECT_OBJC_ISA_USAGE = YES_ERROR;
				CLANG_WARN_EMPTY_BODY = YES;
				CLANG_WARN_ENUM_CONVERSION = YES;
				CLANG_WARN_INT_CONVERSION = YES;
				CLANG_WARN_OBJC_ROOT_CLASS = YES_ERROR;
				CLANG_WARN_UNREACHABLE_CODE = YES;
				CLANG_WARN__DUPLICATE_METHOD_MATCH = YES;
				"CODE_SIGN_IDENTITY[sdk=iphoneos*]" = "iPhone Developer";
				COPY_PHASE_STRIP = NO;
				DEBUG_INFORMATION_FORMAT = "dwarf-with-dsym";
				ENABLE_NS_ASSERTIONS = NO;
				ENABLE_STRICT_OBJC_MSGSEND = YES;
				GCC_C_LANGUAGE_STANDARD = gnu99;
				GCC_NO_COMMON_BLOCKS = YES;
				GCC_WARN_64_TO_32_BIT_CONVERSION = YES;
				GCC_WARN_ABOUT_RETURN_TYPE = YES_ERROR;
				GCC_WARN_UNDECLARED_SELECTOR = YES;
				GCC_WARN_UNINITIALIZED_AUTOS = YES_AGGRESSIVE;
				GCC_WARN_UNUSED_FUNCTION = YES;
				GCC_WARN_UNUSED_VARIABLE = YES;
				IPHONEOS_DEPLOYMENT_TARGET = 8.4;
				MTL_ENABLE_DEBUG_INFO = NO;
				SDKROOT = iphoneos;
				TARGETED_DEVICE_FAMILY = "1,2";
				VALIDATE_PRODUCT = YES;
			};
			name = Release;
		};
		B482998E1B6DFD87006A4784 /* Debug */ = {
			isa = XCBuildConfiguration;
			buildSettings = {
				ASSETCATALOG_COMPILER_APPICON_NAME = AppIcon;
				FRAMEWORK_SEARCH_PATHS = (
					"$(inherited)",
					"$(PROJECT_DIR)/AQI",
					Detection,
					"$(PROJECT_DIR)/AQI",
					Detection.xcodeproj,
					"$(PROJECT_DIR)/AQI",
					Detection.xcodeproj,
					/Users/michaelzhang/Desktop/src,
				);
				HEADER_SEARCH_PATHS = (
					"$(inherited)",
					/Applications/Xcode.app/Contents/Developer/Toolchains/XcodeDefault.xctoolchain/usr/include,
					"\"$(SRCROOT)/FPVDemo/VideoPreviewer/ffmpeg/include\"",
				);
				INFOPLIST_FILE = "AQI Detection/Info.plist";
				LD_RUNPATH_SEARCH_PATHS = "$(inherited) @executable_path/Frameworks";
				LIBRARY_SEARCH_PATHS = (
					"$(inherited)",
					/Users/michaelzhang/Downloads/DJI_SDK_iOS_GetStart/GetStart/VideoPreviewer/ffmpeg/lib,
					"$(PROJECT_DIR)/FPVDemo/VideoPreviewer/ffmpeg/lib",
				);
				PRODUCT_NAME = "$(TARGET_NAME)";
			};
			name = Debug;
		};
		B482998F1B6DFD87006A4784 /* Release */ = {
			isa = XCBuildConfiguration;
			buildSettings = {
				ASSETCATALOG_COMPILER_APPICON_NAME = AppIcon;
				CODE_SIGN_IDENTITY = "iPhone Developer";
				"CODE_SIGN_IDENTITY[sdk=iphoneos*]" = "iPhone Distribution";
				FRAMEWORK_SEARCH_PATHS = (
					"$(inherited)",
					"$(PROJECT_DIR)/AQI",
					Detection,
					"$(PROJECT_DIR)/AQI",
					Detection.xcodeproj,
					"$(PROJECT_DIR)/AQI",
					Detection.xcodeproj,
					/Users/michaelzhang/Desktop/src,
				);
				HEADER_SEARCH_PATHS = (
					"$(inherited)",
					/Applications/Xcode.app/Contents/Developer/Toolchains/XcodeDefault.xctoolchain/usr/include,
					"\"$(SRCROOT)/FPVDemo/VideoPreviewer/ffmpeg/include\"",
				);
				INFOPLIST_FILE = "AQI Detection/Info.plist";
				LD_RUNPATH_SEARCH_PATHS = "$(inherited) @executable_path/Frameworks";
				LIBRARY_SEARCH_PATHS = (
					"$(inherited)",
					/Users/michaelzhang/Downloads/DJI_SDK_iOS_GetStart/GetStart/VideoPreviewer/ffmpeg/lib,
					"$(PROJECT_DIR)/FPVDemo/VideoPreviewer/ffmpeg/lib",
				);
				PRODUCT_NAME = "$(TARGET_NAME)";
			};
			name = Release;
		};
		B48299911B6DFD87006A4784 /* Debug */ = {
			isa = XCBuildConfiguration;
			buildSettings = {
				BUNDLE_LOADER = "$(TEST_HOST)";
				FRAMEWORK_SEARCH_PATHS = (
					"$(SDKROOT)/Developer/Library/Frameworks",
					"$(inherited)",
				);
				GCC_PREPROCESSOR_DEFINITIONS = (
					"DEBUG=1",
					"$(inherited)",
				);
				INFOPLIST_FILE = "AQI DetectionTests/Info.plist";
				LD_RUNPATH_SEARCH_PATHS = "$(inherited) @executable_path/Frameworks @loader_path/Frameworks";
				PRODUCT_NAME = "$(TARGET_NAME)";
				TEST_HOST = "$(BUILT_PRODUCTS_DIR)/AQI Detection.app/AQI Detection";
			};
			name = Debug;
		};
		B48299921B6DFD87006A4784 /* Release */ = {
			isa = XCBuildConfiguration;
			buildSettings = {
				BUNDLE_LOADER = "$(TEST_HOST)";
				FRAMEWORK_SEARCH_PATHS = (
					"$(SDKROOT)/Developer/Library/Frameworks",
					"$(inherited)",
				);
				INFOPLIST_FILE = "AQI DetectionTests/Info.plist";
				LD_RUNPATH_SEARCH_PATHS = "$(inherited) @executable_path/Frameworks @loader_path/Frameworks";
				PRODUCT_NAME = "$(TARGET_NAME)";
				TEST_HOST = "$(BUILT_PRODUCTS_DIR)/AQI Detection.app/AQI Detection";
			};
			name = Release;
		};
/* End XCBuildConfiguration section */

/* Begin XCConfigurationList section */
		B48299651B6DFD87006A4784 /* Build configuration list for PBXProject "AQI Detection" */ = {
			isa = XCConfigurationList;
			buildConfigurations = (
				B482998B1B6DFD87006A4784 /* Debug */,
				B482998C1B6DFD87006A4784 /* Release */,
			);
			defaultConfigurationIsVisible = 0;
			defaultConfigurationName = Release;
		};
		B482998D1B6DFD87006A4784 /* Build configuration list for PBXNativeTarget "AQI Detection" */ = {
			isa = XCConfigurationList;
			buildConfigurations = (
				B482998E1B6DFD87006A4784 /* Debug */,
				B482998F1B6DFD87006A4784 /* Release */,
			);
			defaultConfigurationIsVisible = 0;
			defaultConfigurationName = Release;
		};
		B48299901B6DFD87006A4784 /* Build configuration list for PBXNativeTarget "AQI DetectionTests" */ = {
			isa = XCConfigurationList;
			buildConfigurations = (
				B48299911B6DFD87006A4784 /* Debug */,
				B48299921B6DFD87006A4784 /* Release */,
			);
			defaultConfigurationIsVisible = 0;
			defaultConfigurationName = Release;
		};
/* End XCConfigurationList section */
	};
	rootObject = B48299621B6DFD87006A4784 /* Project object */;
}
